
Microsoft Visual Studio Solution File, Format Version 12.00
# Visual Studio 15
VisualStudioVersion = 15.0.28010.2048
MinimumVisualStudioVersion = 10.0.40219.1
Project("{9A19103F-16F7-4668-BE54-9A1E7A4F7556}") = "WebAPI_react_redux", "WebAPI_react_redux\WebAPI_react_redux.csproj", "{CBA732DE-F881-477F-9CBE-937042B040F2}"
EndProject
Global
	GlobalSection(SolutionConfigurationPlatforms) = preSolution
		Debug|Any CPU = Debug|Any CPU
		Release|Any CPU = Release|Any CPU
	EndGlobalSection
	GlobalSection(ProjectConfigurationPlatforms) = postSolution
		{CBA732DE-F881-477F-9CBE-937042B040F2}.Debug|Any CPU.ActiveCfg = Debug|Any CPU
		{CBA732DE-F881-477F-9CBE-937042B040F2}.Debug|Any CPU.Build.0 = Debug|Any CPU
		{CBA732DE-F881-477F-9CBE-937042B040F2}.Release|Any CPU.ActiveCfg = Release|Any CPU
		{CBA732DE-F881-477F-9CBE-937042B040F2}.Release|Any CPU.Build.0 = Release|Any CPU
	EndGlobalSection
	GlobalSection(SolutionProperties) = preSolution
		HideSolutionNode = FALSE
	EndGlobalSection
	GlobalSection(ExtensibilityGlobals) = postSolution
		SolutionGuid = {8D3FA8EA-A3D1-4A55-8E26-1A8674274F0E}
	EndGlobalSection
EndGlobal
